
Microsoft Visual Studio Solution File, Format Version 12.00
# Visual Studio 2012
Project("{FAE04EC0-301F-11D3-BF4B-00C04F79EFBC}") = "TorrentInstaller", "TorrentInstaller\TorrentInstaller.csproj", "{D322AB9C-8C9E-48CF-988A-9A0BE1DF4F31}"
EndProject
Global
	GlobalSection(SolutionConfigurationPlatforms) = preSolution
		Debug|Any CPU = Debug|Any CPU
		Release|Any CPU = Release|Any CPU
	EndGlobalSection
	GlobalSection(ProjectConfigurationPlatforms) = postSolution
		{D322AB9C-8C9E-48CF-988A-9A0BE1DF4F31}.Debug|Any CPU.ActiveCfg = Debug|Any CPU
		{D322AB9C-8C9E-48CF-988A-9A0BE1DF4F31}.Debug|Any CPU.Build.0 = Debug|Any CPU
		{D322AB9C-8C9E-48CF-988A-9A0BE1DF4F31}.Release|Any CPU.ActiveCfg = Release|Any CPU
		{D322AB9C-8C9E-48CF-988A-9A0BE1DF4F31}.Release|Any CPU.Build.0 = Release|Any CPU
	EndGlobalSection
	GlobalSection(SolutionProperties) = preSolution
		HideSolutionNode = FALSE
	EndGlobalSection
EndGlobal
